{
  "pins" : [
    {
      "identity" : "swiftsdk",
      "kind" : "remoteSourceControl",
      "location" : "https://github.com/TelemetryDeck/SwiftSDK",
      "state" : {
        "revision" : "83f88b1428746f83e5444a5c97fdc0177712cd8a",
        "version" : "3.0.0-beta.5"
      }
    }
  ],
  "version" : 2
}
