PODS:
  - Flutter (1.0.0)
  - integration_test (0.0.1):
    - Flutter
  - TelemetryDeck (2.9.3)
  - telemetrydecksdk (1.0.0):
    - Flutter
    - TelemetryDeck (~> 2.9.3)

DEPENDENCIES:
  - Flutter (from `Flutter`)
  - integration_test (from `.symlinks/plugins/integration_test/ios`)
  - telemetrydecksdk (from `.symlinks/plugins/telemetrydecksdk/ios`)

SPEC REPOS:
  trunk:
    - TelemetryDeck

EXTERNAL SOURCES:
  Flutter:
    :path: Flutter
  integration_test:
    :path: ".symlinks/plugins/integration_test/ios"
  telemetrydecksdk:
    :path: ".symlinks/plugins/telemetrydecksdk/ios"

SPEC CHECKSUMS:
  Flutter: cabc95a1d2626b1b06e7179b784ebcf0c0cde467
  integration_test: 4a889634ef21a45d28d50d622cf412dc6d9f586e
  TelemetryDeck: 5331ca64c53ab1ab6162c558c8b46b412c744483
  telemetrydecksdk: 99b635696b35527877d918a9844a798a24e1828b

PODFILE CHECKSUM: a57f30d18f102dd3ce366b1d62a55ecbef2158e5

COCOAPODS: 1.16.2
