PODS:
  - FlutterMacOS (1.0.0)
  - TelemetryDeck (2.14.2)
  - telemetrydecksdk (0.0.1):
    - FlutterMacOS
    - TelemetryDeck (~> 2.11)

DEPENDENCIES:
  - FlutterMacOS (from `Flutter/ephemeral`)
  - telemetrydecksdk (from `Flutter/ephemeral/.symlinks/plugins/telemetrydecksdk/macos`)

SPEC REPOS:
  trunk:
    - TelemetryDeck

EXTERNAL SOURCES:
  FlutterMacOS:
    :path: Flutter/ephemeral
  telemetrydecksdk:
    :path: Flutter/ephemeral/.symlinks/plugins/telemetrydecksdk/macos

SPEC CHECKSUMS:
  FlutterMacOS: c232990155153907050900a2e175c7773903ba4e
  TelemetryDeck: e4a22645fd183a026e35eaa99aeded7f058105c4
  telemetrydecksdk: dcc14887372739f372c2b34a0d75a92ee0390460

PODFILE CHECKSUM: f0c21717cb7ee9112f915044c74bfceb5b12e02a

COCOAPODS: 1.16.2
