PODS:
  - FlutterMacOS (1.0.0)
  - TelemetryDeck (2.9.3)
  - telemetrydecksdk (0.0.1):
    - FlutterMacOS
    - TelemetryDeck (~> 2.9.3)

DEPENDENCIES:
  - FlutterMacOS (from `Flutter/ephemeral`)
  - telemetrydecksdk (from `Flutter/ephemeral/.symlinks/plugins/telemetrydecksdk/macos`)

SPEC REPOS:
  trunk:
    - TelemetryDeck

EXTERNAL SOURCES:
  FlutterMacOS:
    :path: Flutter/ephemeral
  telemetrydecksdk:
    :path: Flutter/ephemeral/.symlinks/plugins/telemetrydecksdk/macos

SPEC CHECKSUMS:
  FlutterMacOS: d0db08ddef1a9af05a5ec4b724367152bb0500b1
  TelemetryDeck: 5331ca64c53ab1ab6162c558c8b46b412c744483
  telemetrydecksdk: 93d7906aee5406574bc5a5dc4e6027d9bd429c43

PODFILE CHECKSUM: 9ebaf0ce3d369aaa26a9ea0e159195ed94724cf3

COCOAPODS: 1.16.2
