PODS:
  - FlutterMacOS (1.0.0)
  - TelemetryDeck (2.11.0)
  - telemetrydecksdk (0.0.1):
    - FlutterMacOS
    - TelemetryDeck (~> 2.11.0)

DEPENDENCIES:
  - FlutterMacOS (from `Flutter/ephemeral`)
  - telemetrydecksdk (from `Flutter/ephemeral/.symlinks/plugins/telemetrydecksdk/macos`)

SPEC REPOS:
  trunk:
    - TelemetryDeck

EXTERNAL SOURCES:
  FlutterMacOS:
    :path: Flutter/ephemeral
  telemetrydecksdk:
    :path: Flutter/ephemeral/.symlinks/plugins/telemetrydecksdk/macos

SPEC CHECKSUMS:
  FlutterMacOS: d0db08ddef1a9af05a5ec4b724367152bb0500b1
  TelemetryDeck: 50c6ddb1031ee91e7828d5f023af1419f9aadcad
  telemetrydecksdk: 7c31fa86d7ef3f2dbfd4bba0165233de9c1c84f3

PODFILE CHECKSUM: 9ebaf0ce3d369aaa26a9ea0e159195ed94724cf3

COCOAPODS: 1.16.2
